<?xml version="1.0" encoding="utf-8"?>
<Project ToolsVersion="4.0" xmlns="http://schemas.microsoft.com/developer/msbuild/2003">
  <ItemGroup>
    <Filter Include="Source Files">
      <UniqueIdentifier>{4FC737F1-C7A5-4376-A066-2A32D752A2FF}</UniqueIdentifier>
      <Extensions>cpp;c;cc;cxx;def;odl;idl;hpj;bat;asm;asmx</Extensions>
    </Filter>
    <Filter Include="Header Files">
      <UniqueIdentifier>{93995380-89BD-4b04-88EB-625FBE52EBFB}</UniqueIdentifier>
      <Extensions>h;hh;hpp;hxx;hm;inl;inc;xsd</Extensions>
    </Filter>
    <Filter Include="Resource Files">
      <UniqueIdentifier>{67DA6AB6-F800-4c08-8B7A-83BB121AAD01}</UniqueIdentifier>
      <Extensions>rc;ico;cur;bmp;dlg;rc2;rct;bin;rgs;gif;jpg;jpeg;jpe;resx;tiff;tif;png;wav;mfcribbon-ms</Extensions>
    </Filter>
    <Filter Include="Header Files\SFML-GUI">
      <UniqueIdentifier>{0f7a0029-f9c4-4005-8e82-a754553ae412}</UniqueIdentifier>
    </Filter>
    <Filter Include="Header Files\MBC">
      <UniqueIdentifier>{2be579ec-b200-488f-afe4-38b9cdd58b96}</UniqueIdentifier>
    </Filter>
    <Filter Include="Header Files\DebugLogger">
      <UniqueIdentifier>{6e8c4e6d-7b20-4574-865e-dca423365aa5}</UniqueIdentifier>
    </Filter>
    <Filter Include="Source Files\SFML-GUI">
      <UniqueIdentifier>{2c905aa2-0ab5-46a7-a468-49054795c4b4}</UniqueIdentifier>
    </Filter>
    <Filter Include="Source Files\MBC">
      <UniqueIdentifier>{4f029c76-cbfb-49aa-b669-beb877a55372}</UniqueIdentifier>
    </Filter>
    <Filter Include="Source Files\DebugLogger">
      <UniqueIdentifier>{47e27768-35cf-4c01-bb8d-b841a352473a}</UniqueIdentifier>
    </Filter>
  </ItemGroup>
  <ItemGroup>
    <ClInclude Include="..\include\common.h">
      <Filter>Header Files</Filter>
    </ClInclude>
    <ClInclude Include="..\include\Directory.h">
      <Filter>Header Files</Filter>
    </ClInclude>
    <ClInclude Include="..\include\Display.h">
      <Filter>Header Files</Filter>
    </ClInclude>
    <ClInclude Include="..\include\gbz80.h">
      <Filter>Header Files</Filter>
    </ClInclude>
    <ClInclude Include="..\include\linkboy.h">
      <Filter>Header Files</Filter>
    </ClInclude>
    <ClInclude Include="..\include\linkboyClient.h">
      <Filter>Header Files</Filter>
    </ClInclude>
    <ClInclude Include="..\include\mmu.h">
      <Filter>Header Files</Filter>
    </ClInclude>
    <ClInclude Include="..\include\ppu.h">
      <Filter>Header Files</Filter>
    </ClInclude>
    <ClInclude Include="..\include\timer.h">
      <Filter>Header Files</Filter>
    </ClInclude>
    <ClInclude Include="..\include\SFML-GUI\Button.h">
      <Filter>Header Files\SFML-GUI</Filter>
    </ClInclude>
    <ClInclude Include="..\include\SFML-GUI\FileMenu.h">
      <Filter>Header Files\SFML-GUI</Filter>
    </ClInclude>
    <ClInclude Include="..\include\SFML-GUI\Label.h">
      <Filter>Header Files\SFML-GUI</Filter>
    </ClInclude>
    <ClInclude Include="..\include\SFML-GUI\LobbyMenu.h">
      <Filter>Header Files\SFML-GUI</Filter>
    </ClInclude>
    <ClInclude Include="..\include\SFML-GUI\MainMenu.h">
      <Filter>Header Files\SFML-GUI</Filter>
    </ClInclude>
    <ClInclude Include="..\include\SFML-GUI\NetworkMenu.h">
      <Filter>Header Files\SFML-GUI</Filter>
    </ClInclude>
    <ClInclude Include="..\include\SFML-GUI\Rectangle.h">
      <Filter>Header Files\SFML-GUI</Filter>
    </ClInclude>
    <ClInclude Include="..\include\SFML-GUI\TextBox.h">
      <Filter>Header Files\SFML-GUI</Filter>
    </ClInclude>
    <ClInclude Include="..\include\DebugLogger\BaseLogger.h">
      <Filter>Header Files\DebugLogger</Filter>
    </ClInclude>
    <ClInclude Include="..\include\DebugLogger\CycleLogger.h">
      <Filter>Header Files\DebugLogger</Filter>
    </ClInclude>
    <ClInclude Include="..\include\DebugLogger\FileLogger.h">
      <Filter>Header Files\DebugLogger</Filter>
    </ClInclude>
    <ClInclude Include="..\include\DebugLogger\SmartLogger.h">
      <Filter>Header Files\DebugLogger</Filter>
    </ClInclude>
    <ClInclude Include="..\include\MBC\baseMBC.h">
      <Filter>Header Files\MBC</Filter>
    </ClInclude>
    <ClInclude Include="..\include\MBC\MBC1.h">
      <Filter>Header Files\MBC</Filter>
    </ClInclude>
    <ClInclude Include="..\include\MBC\MBC3.h">
      <Filter>Header Files\MBC</Filter>
    </ClInclude>
    <ClInclude Include="..\include\MBC\MBC5.h">
      <Filter>Header Files\MBC</Filter>
    </ClInclude>
    <ClInclude Include="..\include\SFML-GUI\ControlMenu.h">
      <Filter>Header Files\SFML-GUI</Filter>
    </ClInclude>
    <ClInclude Include="..\include\apu.h">
      <Filter>Header Files</Filter>
    </ClInclude>
    <ClInclude Include="..\include\MBC\MBC2.h">
      <Filter>Header Files\MBC</Filter>
    </ClInclude>
    <ClInclude Include="..\include\SFML-GUI\ColorMenu.h">
      <Filter>Header Files\SFML-GUI</Filter>
    </ClInclude>
    <ClInclude Include="..\include\SFMLClock.h">
      <Filter>Header Files</Filter>
    </ClInclude>
    <ClInclude Include="..\include\SFMLSound.h">
      <Filter>Header Files</Filter>
    </ClInclude>
  </ItemGroup>
  <ItemGroup>
    <ClCompile Include="..\source\common.cpp">
      <Filter>Source Files</Filter>
    </ClCompile>
    <ClCompile Include="..\source\Directory.cpp">
      <Filter>Source Files</Filter>
    </ClCompile>
    <ClCompile Include="..\source\gbz80.cpp">
      <Filter>Source Files</Filter>
    </ClCompile>
    <ClCompile Include="..\source\linkboy.cpp">
      <Filter>Source Files</Filter>
    </ClCompile>
    <ClCompile Include="..\source\linkboyClient.cpp">
      <Filter>Source Files</Filter>
    </ClCompile>
    <ClCompile Include="..\source\mmu.cpp">
      <Filter>Source Files</Filter>
    </ClCompile>
    <ClCompile Include="..\source\ppu.cpp">
      <Filter>Source Files</Filter>
    </ClCompile>
    <ClCompile Include="..\source\timer.cpp">
      <Filter>Source Files</Filter>
    </ClCompile>
    <ClCompile Include="..\source\DebugLogger\CycleLogger.cpp">
      <Filter>Source Files\DebugLogger</Filter>
    </ClCompile>
    <ClCompile Include="..\source\DebugLogger\FileLogger.cpp">
      <Filter>Source Files\DebugLogger</Filter>
    </ClCompile>
    <ClCompile Include="..\source\DebugLogger\SmartLogger.cpp">
      <Filter>Source Files\DebugLogger</Filter>
    </ClCompile>
    <ClCompile Include="..\source\MBC\baseMBC.cpp">
      <Filter>Source Files\MBC</Filter>
    </ClCompile>
    <ClCompile Include="..\source\MBC\MBC1.cpp">
      <Filter>Source Files\MBC</Filter>
    </ClCompile>
    <ClCompile Include="..\source\MBC\MBC3.cpp">
      <Filter>Source Files\MBC</Filter>
    </ClCompile>
    <ClCompile Include="..\source\MBC\MBC5.cpp">
      <Filter>Source Files\MBC</Filter>
    </ClCompile>
    <ClCompile Include="..\source\SFML-GUI\Button.cpp">
      <Filter>Source Files\SFML-GUI</Filter>
    </ClCompile>
    <ClCompile Include="..\source\SFML-GUI\FileMenu.cpp">
      <Filter>Source Files\SFML-GUI</Filter>
    </ClCompile>
    <ClCompile Include="..\source\SFML-GUI\Label.cpp">
      <Filter>Source Files\SFML-GUI</Filter>
    </ClCompile>
    <ClCompile Include="..\source\SFML-GUI\LobbyMenu.cpp">
      <Filter>Source Files\SFML-GUI</Filter>
    </ClCompile>
    <ClCompile Include="..\source\SFML-GUI\MainMenu.cpp">
      <Filter>Source Files\SFML-GUI</Filter>
    </ClCompile>
    <ClCompile Include="..\source\SFML-GUI\NetworkMenu.cpp">
      <Filter>Source Files\SFML-GUI</Filter>
    </ClCompile>
    <ClCompile Include="..\source\SFML-GUI\Rectangle.cpp">
      <Filter>Source Files\SFML-GUI</Filter>
    </ClCompile>
    <ClCompile Include="..\source\SFML-GUI\SFML_Display.cpp">
      <Filter>Source Files\SFML-GUI</Filter>
    </ClCompile>
    <ClCompile Include="..\source\SFML-GUI\TextBox.cpp">
      <Filter>Source Files\SFML-GUI</Filter>
    </ClCompile>
    <ClCompile Include="main.cpp">
      <Filter>Source Files</Filter>
    </ClCompile>
    <ClCompile Include="..\source\SFML-GUI\ControlMenu.cpp">
      <Filter>Source Files\SFML-GUI</Filter>
    </ClCompile>
    <ClCompile Include="..\source\apu.cpp">
      <Filter>Source Files</Filter>
    </ClCompile>
    <ClCompile Include="..\source\MBC\MBC2.cpp">
      <Filter>Source Files\MBC</Filter>
    </ClCompile>
    <ClCompile Include="..\source\SFML-GUI\ColorMenu.cpp">
      <Filter>Source Files\SFML-GUI</Filter>
    </ClCompile>
    <ClCompile Include="..\source\SFMLClock.cpp">
      <Filter>Source Files</Filter>
    </ClCompile>
    <ClCompile Include="..\source\SFMLSound.cpp">
      <Filter>Source Files</Filter>
    </ClCompile>
  </ItemGroup>
</Project>